
Microsoft Visual Studio Solution File, Format Version 12.00
# Visual Studio Version 16
VisualStudioVersion = 16.0.30011.22
MinimumVisualStudioVersion = 10.0.40219.1
Project("{FAE04EC0-301F-11D3-BF4B-00C04F79EFBC}") = "Moshtari_kala", "Moshtari_kala\Moshtari_kala.csproj", "{C50DD364-6EB7-4F17-9642-F7A82BE5C7BB}"
EndProject
Global
	GlobalSection(SolutionConfigurationPlatforms) = preSolution
		Debug|Any CPU = Debug|Any CPU
		Release|Any CPU = Release|Any CPU
	EndGlobalSection
	GlobalSection(ProjectConfigurationPlatforms) = postSolution
		{C50DD364-6EB7-4F17-9642-F7A82BE5C7BB}.Debug|Any CPU.ActiveCfg = Debug|Any CPU
		{C50DD364-6EB7-4F17-9642-F7A82BE5C7BB}.Debug|Any CPU.Build.0 = Debug|Any CPU
		{C50DD364-6EB7-4F17-9642-F7A82BE5C7BB}.Release|Any CPU.ActiveCfg = Release|Any CPU
		{C50DD364-6EB7-4F17-9642-F7A82BE5C7BB}.Release|Any CPU.Build.0 = Release|Any CPU
	EndGlobalSection
	GlobalSection(SolutionProperties) = preSolution
		HideSolutionNode = FALSE
	EndGlobalSection
	GlobalSection(ExtensibilityGlobals) = postSolution
		SolutionGuid = {98886210-8F0C-468D-AF31-541B3648D10A}
	EndGlobalSection
EndGlobal
